schema: '2.0'
stages:
  data_collection:
    cmd: python src/data/data_collection.py
    deps:
    - path: src/data/data_collection.py
      hash: md5
      md5: 98ef3a0415e5939f8d44699877e512bf
      size: 1968
    params:
      params.yaml:
        data_collection.test_size: 0.2
    outs:
    - path: data/raw
      hash: md5
      md5: c0c2d65c14a603e91e029fda3c344a5c.dir
      size: 522262
      nfiles: 2
  pre_processing:
    cmd: python src/data/data_prep.py
    deps:
    - path: data/raw
      hash: md5
      md5: c0c2d65c14a603e91e029fda3c344a5c.dir
      size: 522262
      nfiles: 2
    - path: src/data/data_prep.py
      hash: md5
      md5: c92a29a750a097651ff4607b4a8295cd
      size: 1850
    outs:
    - path: data/processed
      hash: md5
      md5: 09d7d1468d5c1e6739769af7e3154438.dir
      size: 546137
      nfiles: 2
  model_training:
    cmd: python src/model/model_training.py
    deps:
    - path: data/processed
      hash: md5
      md5: 09d7d1468d5c1e6739769af7e3154438.dir
      size: 546137
      nfiles: 2
    - path: src/model/model_training.py
      hash: md5
      md5: 1d2d534e8d6f21c09d0a673554b035e6
      size: 2434
    params:
      params.yaml:
        model_training.n_estimators: 1000
    outs:
    - path: models/model.pkl
      hash: md5
      md5: 01918d33a5aa8e7be25e1ddcff4e1ef9
      size: 73657668
  model_evaluation:
    cmd: python src/model/model_eval.py
    deps:
    - path: models/model.pkl
      hash: md5
      md5: 01918d33a5aa8e7be25e1ddcff4e1ef9
      size: 73657668
    - path: src/model/model_eval.py
      hash: md5
      md5: e5ddbb6ea4180633506827528d855826
      size: 2450
    outs:
    - path: reports/metrics.json
      hash: md5
      md5: 3834f101da61ac721142c72b48c7f65b
      size: 151
